
Microsoft Visual Studio Solution File, Format Version 12.00
# Visual Studio Version 16
VisualStudioVersion = 16.0.30503.244
MinimumVisualStudioVersion = 10.0.40219.1
Project("{FAE04EC0-301F-11D3-BF4B-00C04F79EFBC}") = "AjaxCall", "AjaxCall\AjaxCall.csproj", "{FEC4DBEE-6CD7-403F-A25A-5CA08A584E4F}"
EndProject
Global
	GlobalSection(SolutionConfigurationPlatforms) = preSolution
		Debug|Any CPU = Debug|Any CPU
		Release|Any CPU = Release|Any CPU
	EndGlobalSection
	GlobalSection(ProjectConfigurationPlatforms) = postSolution
		{FEC4DBEE-6CD7-403F-A25A-5CA08A584E4F}.Debug|Any CPU.ActiveCfg = Debug|Any CPU
		{FEC4DBEE-6CD7-403F-A25A-5CA08A584E4F}.Debug|Any CPU.Build.0 = Debug|Any CPU
		{FEC4DBEE-6CD7-403F-A25A-5CA08A584E4F}.Release|Any CPU.ActiveCfg = Release|Any CPU
		{FEC4DBEE-6CD7-403F-A25A-5CA08A584E4F}.Release|Any CPU.Build.0 = Release|Any CPU
	EndGlobalSection
	GlobalSection(SolutionProperties) = preSolution
		HideSolutionNode = FALSE
	EndGlobalSection
	GlobalSection(ExtensibilityGlobals) = postSolution
		SolutionGuid = {D47C3EF3-1117-4049-82C5-836064D5500B}
	EndGlobalSection
EndGlobal
